// !$*UTF8*$!
{
	archiveVersion = 1;
	classes = {
	};
	objectVersion = 50;
	objects = {

/* Begin PBXBuildFile section */
		35815A2123C8A30D00E4EFBF /* AppDelegate.swift in Sources */ = {isa = PBXBuildFile; fileRef = 35815A2023C8A30D00E4EFBF /* AppDelegate.swift */; };
		35815A2323C8A30E00E4EFBF /* ViewController.swift in Sources */ = {isa = PBXBuildFile; fileRef = 35815A2223C8A30E00E4EFBF /* ViewController.swift */; };
		35815A2623C8A30E00E4EFBF /* Main.storyboard in Resources */ = {isa = PBXBuildFile; fileRef = 35815A2423C8A30E00E4EFBF /* Main.storyboard */; };
		35815A2923C8A30E00E4EFBF /* CollectionView.xcdatamodeld in Sources */ = {isa = PBXBuildFile; fileRef = 35815A2723C8A30E00E4EFBF /* CollectionView.xcdatamodeld */; };
		35815A2B23C8A31200E4EFBF /* Assets.xcassets in Resources */ = {isa = PBXBuildFile; fileRef = 35815A2A23C8A31200E4EFBF /* Assets.xcassets */; };
		35815A2E23C8A31200E4EFBF /* LaunchScreen.storyboard in Resources */ = {isa = PBXBuildFile; fileRef = 35815A2C23C8A31200E4EFBF /* LaunchScreen.storyboard */; };
		35815A3923C8A31200E4EFBF /* CollectionViewTests.swift in Sources */ = {isa = PBXBuildFile; fileRef = 35815A3823C8A31200E4EFBF /* CollectionViewTests.swift */; };
		35815A4423C8A5B500E4EFBF /* DataCollectionViewCell.swift in Sources */ = {isa = PBXBuildFile; fileRef = 35815A4323C8A5B500E4EFBF /* DataCollectionViewCell.swift */; };
/* End PBXBuildFile section */

/* Begin PBXContainerItemProxy section */
		35815A3523C8A31200E4EFBF /* PBXContainerItemProxy */ = {
			isa = PBXContainerItemProxy;
			containerPortal = 35815A1523C8A30D00E4EFBF /* Project object */;
			proxyType = 1;
			remoteGlobalIDString = 35815A1C23C8A30D00E4EFBF;
			remoteInfo = CollectionView;
		};
/* End PBXContainerItemProxy section */

/* Begin PBXFileReference section */
		35815A1D23C8A30D00E4EFBF /* CollectionView.app */ = {isa = PBXFileReference; explicitFileType = wrapper.application; includeInIndex = 0; path = CollectionView.app; sourceTree = BUILT_PRODUCTS_DIR; };
		35815A2023C8A30D00E4EFBF /* AppDelegate.swift */ = {isa = PBXFileReference; lastKnownFileType = sourcecode.swift; path = AppDelegate.swift; sourceTree = "<group>"; };
		35815A2223C8A30E00E4EFBF /* ViewController.swift */ = {isa = PBXFileReference; lastKnownFileType = sourcecode.swift; path = ViewController.swift; sourceTree = "<group>"; };
		35815A2523C8A30E00E4EFBF /* Base */ = {isa = PBXFileReference; lastKnownFileType = file.storyboard; name = Base; path = Base.lproj/Main.storyboard; sourceTree = "<group>"; };
		35815A2823C8A30E00E4EFBF /* CollectionView.xcdatamodel */ = {isa = PBXFileReference; lastKnownFileType = wrapper.xcdatamodel; path = CollectionView.xcdatamodel; sourceTree = "<group>"; };
		35815A2A23C8A31200E4EFBF /* Assets.xcassets */ = {isa = PBXFileReference; lastKnownFileType = folder.assetcatalog; path = Assets.xcassets; sourceTree = "<group>"; };
		35815A2D23C8A31200E4EFBF /* Base */ = {isa = PBXFileReference; lastKnownFileType = file.storyboard; name = Base; path = Base.lproj/LaunchScreen.storyboard; sourceTree = "<group>"; };
		35815A2F23C8A31200E4EFBF /* Info.plist */ = {isa = PBXFileReference; lastKnownFileType = text.plist.xml; path = Info.plist; sourceTree = "<group>"; };
		35815A3423C8A31200E4EFBF /* CollectionViewTests.xctest */ = {isa = PBXFileReference; explicitFileType = wrapper.cfbundle; includeInIndex = 0; path = CollectionViewTests.xctest; sourceTree = BUILT_PRODUCTS_DIR; };
		35815A3823C8A31200E4EFBF /* CollectionViewTests.swift */ = {isa = PBXFileReference; lastKnownFileType = sourcecode.swift; path = CollectionViewTests.swift; sourceTree = "<group>"; };
		35815A3A23C8A31200E4EFBF /* Info.plist */ = {isa = PBXFileReference; lastKnownFileType = text.plist.xml; path = Info.plist; sourceTree = "<group>"; };
		35815A4323C8A5B500E4EFBF /* DataCollectionViewCell.swift */ = {isa = PBXFileReference; lastKnownFileType = sourcecode.swift; path = DataCollectionViewCell.swift; sourceTree = "<group>"; };
/* End PBXFileReference section */

/* Begin PBXFrameworksBuildPhase section */
		35815A1A23C8A30D00E4EFBF /* Frameworks */ = {
			isa = PBXFrameworksBuildPhase;
			buildActionMask = 2147483647;
			files = (
			);
			runOnlyForDeploymentPostprocessing = 0;
		};
		35815A3123C8A31200E4EFBF /* Frameworks */ = {
			isa = PBXFrameworksBuildPhase;
			buildActionMask = 2147483647;
			files = (
			);
			runOnlyForDeploymentPostprocessing = 0;
		};
/* End PBXFrameworksBuildPhase section */

/* Begin PBXGroup section */
		35815A1423C8A30D00E4EFBF = {
			isa = PBXGroup;
			children = (
				35815A1F23C8A30D00E4EFBF /* CollectionView */,
				35815A3723C8A31200E4EFBF /* CollectionViewTests */,
				35815A1E23C8A30D00E4EFBF /* Products */,
			);
			sourceTree = "<group>";
		};
		35815A1E23C8A30D00E4EFBF /* Products */ = {
			isa = PBXGroup;
			children = (
				35815A1D23C8A30D00E4EFBF /* CollectionView.app */,
				35815A3423C8A31200E4EFBF /* CollectionViewTests.xctest */,
			);
			name = Products;
			sourceTree = "<group>";
		};
		35815A1F23C8A30D00E4EFBF /* CollectionView */ = {
			isa = PBXGroup;
			children = (
				35815A2023C8A30D00E4EFBF /* AppDelegate.swift */,
				35815A2223C8A30E00E4EFBF /* ViewController.swift */,
				35815A2423C8A30E00E4EFBF /* Main.storyboard */,
				35815A4323C8A5B500E4EFBF /* DataCollectionViewCell.swift */,
				35815A2A23C8A31200E4EFBF /* Assets.xcassets */,
				35815A2C23C8A31200E4EFBF /* LaunchScreen.storyboard */,
				35815A2F23C8A31200E4EFBF /* Info.plist */,
				35815A2723C8A30E00E4EFBF /* CollectionView.xcdatamodeld */,
			);
			path = CollectionView;
			sourceTree = "<group>";
		};
		35815A3723C8A31200E4EFBF /* CollectionViewTests */ = {
			isa = PBXGroup;
			children = (
				35815A3823C8A31200E4EFBF /* CollectionViewTests.swift */,
				35815A3A23C8A31200E4EFBF /* Info.plist */,
			);
			path = CollectionViewTests;
			sourceTree = "<group>";
		};
/* End PBXGroup section */

/* Begin PBXNativeTarget section */
		35815A1C23C8A30D00E4EFBF /* CollectionView */ = {
			isa = PBXNativeTarget;
			buildConfigurationList = 35815A3D23C8A31200E4EFBF /* Build configuration list for PBXNativeTarget "CollectionView" */;
			buildPhases = (
				35815A1923C8A30D00E4EFBF /* Sources */,
				35815A1A23C8A30D00E4EFBF /* Frameworks */,
				35815A1B23C8A30D00E4EFBF /* Resources */,
			);
			buildRules = (
			);
			dependencies = (
			);
			name = CollectionView;
			productName = CollectionView;
			productReference = 35815A1D23C8A30D00E4EFBF /* CollectionView.app */;
			productType = "com.apple.product-type.application";
		};
		35815A3323C8A31200E4EFBF /* CollectionViewTests */ = {
			isa = PBXNativeTarget;
			buildConfigurationList = 35815A4023C8A31200E4EFBF /* Build configuration list for PBXNativeTarget "CollectionViewTests" */;
			buildPhases = (
				35815A3023C8A31200E4EFBF /* Sources */,
				35815A3123C8A31200E4EFBF /* Frameworks */,
				35815A3223C8A31200E4EFBF /* Resources */,
			);
			buildRules = (
			);
			dependencies = (
				35815A3623C8A31200E4EFBF /* PBXTargetDependency */,
			);
			name = CollectionViewTests;
			productName = CollectionViewTests;
			productReference = 35815A3423C8A31200E4EFBF /* CollectionViewTests.xctest */;
			productType = "com.apple.product-type.bundle.unit-test";
		};
/* End PBXNativeTarget section */

/* Begin PBXProject section */
		35815A1523C8A30D00E4EFBF /* Project object */ = {
			isa = PBXProject;
			attributes = {
				LastSwiftUpdateCheck = 1000;
				LastUpgradeCheck = 1000;
				ORGANIZATIONNAME = Sabbir;
				TargetAttributes = {
					35815A1C23C8A30D00E4EFBF = {
						CreatedOnToolsVersion = 10.0;
					};
					35815A3323C8A31200E4EFBF = {
						CreatedOnToolsVersion = 10.0;
						TestTargetID = 35815A1C23C8A30D00E4EFBF;
					};
				};
			};
			buildConfigurationList = 35815A1823C8A30D00E4EFBF /* Build configuration list for PBXProject "CollectionView" */;
			compatibilityVersion = "Xcode 9.3";
			developmentRegion = en;
			hasScannedForEncodings = 0;
			knownRegions = (
				en,
				Base,
			);
			mainGroup = 35815A1423C8A30D00E4EFBF;
			productRefGroup = 35815A1E23C8A30D00E4EFBF /* Products */;
			projectDirPath = "";
			projectRoot = "";
			targets = (
				35815A1C23C8A30D00E4EFBF /* CollectionView */,
				35815A3323C8A31200E4EFBF /* CollectionViewTests */,
			);
		};
/* End PBXProject section */

/* Begin PBXResourcesBuildPhase section */
		35815A1B23C8A30D00E4EFBF /* Resources */ = {
			isa = PBXResourcesBuildPhase;
			buildActionMask = 2147483647;
			files = (
				35815A2E23C8A31200E4EFBF /* LaunchScreen.storyboard in Resources */,
				35815A2B23C8A31200E4EFBF /* Assets.xcassets in Resources */,
				35815A2623C8A30E00E4EFBF /* Main.storyboard in Resources */,
			);
			runOnlyForDeploymentPostprocessing = 0;
		};
		35815A3223C8A31200E4EFBF /* Resources */ = {
			isa = PBXResourcesBuildPhase;
			buildActionMask = 2147483647;
			files = (
			);
			runOnlyForDeploymentPostprocessing = 0;
		};
/* End PBXResourcesBuildPhase section */

/* Begin PBXSourcesBuildPhase section */
		35815A1923C8A30D00E4EFBF /* Sources */ = {
			isa = PBXSourcesBuildPhase;
			buildActionMask = 2147483647;
			files = (
				35815A4423C8A5B500E4EFBF /* DataCollectionViewCell.swift in Sources */,
				35815A2923C8A30E00E4EFBF /* CollectionView.xcdatamodeld in Sources */,
				35815A2323C8A30E00E4EFBF /* ViewController.swift in Sources */,
				35815A2123C8A30D00E4EFBF /* AppDelegate.swift in Sources */,
			);
			runOnlyForDeploymentPostprocessing = 0;
		};
		35815A3023C8A31200E4EFBF /* Sources */ = {
			isa = PBXSourcesBuildPhase;
			buildActionMask = 2147483647;
			files = (
				35815A3923C8A31200E4EFBF /* CollectionViewTests.swift in Sources */,
			);
			runOnlyForDeploymentPostprocessing = 0;
		};
/* End PBXSourcesBuildPhase section */

/* Begin PBXTargetDependency section */
		35815A3623C8A31200E4EFBF /* PBXTargetDependency */ = {
			isa = PBXTargetDependency;
			target = 35815A1C23C8A30D00E4EFBF /* CollectionView */;
			targetProxy = 35815A3523C8A31200E4EFBF /* PBXContainerItemProxy */;
		};
/* End PBXTargetDependency section */

/* Begin PBXVariantGroup section */
		35815A2423C8A30E00E4EFBF /* Main.storyboard */ = {
			isa = PBXVariantGroup;
			children = (
				35815A2523C8A30E00E4EFBF /* Base */,
			);
			name = Main.storyboard;
			sourceTree = "<group>";
		};
		35815A2C23C8A31200E4EFBF /* LaunchScreen.storyboard */ = {
			isa = PBXVariantGroup;
			children = (
				35815A2D23C8A31200E4EFBF /* Base */,
			);
			name = LaunchScreen.storyboard;
			sourceTree = "<group>";
		};
/* End PBXVariantGroup section */

/* Begin XCBuildConfiguration section */
		35815A3B23C8A31200E4EFBF /* Debug */ = {
			isa = XCBuildConfiguration;
			buildSettings = {
				ALWAYS_SEARCH_USER_PATHS = NO;
				CLANG_ANALYZER_NONNULL = YES;
				CLANG_ANALYZER_NUMBER_OBJECT_CONVERSION = YES_AGGRESSIVE;
				CLANG_CXX_LANGUAGE_STANDARD = "gnu++14";
				CLANG_CXX_LIBRARY = "libc++";
				CLANG_ENABLE_MODULES = YES;
				CLANG_ENABLE_OBJC_ARC = YES;
				CLANG_ENABLE_OBJC_WEAK = YES;
				CLANG_WARN_BLOCK_CAPTURE_AUTORELEASING = YES;
				CLANG_WARN_BOOL_CONVERSION = YES;
				CLANG_WARN_COMMA = YES;
				CLANG_WARN_CONSTANT_CONVERSION = YES;
				CLANG_WARN_DEPRECATED_OBJC_IMPLEMENTATIONS = YES;
				CLANG_WARN_DIRECT_OBJC_ISA_USAGE = YES_ERROR;
				CLANG_WARN_DOCUMENTATION_COMMENTS = YES;
				CLANG_WARN_EMPTY_BODY = YES;
				CLANG_WARN_ENUM_CONVERSION = YES;
				CLANG_WARN_INFINITE_RECURSION = YES;
				CLANG_WARN_INT_CONVERSION = YES;
				CLANG_WARN_NON_LITERAL_NULL_CONVERSION = YES;
				CLANG_WARN_OBJC_IMPLICIT_RETAIN_SELF = YES;
				CLANG_WARN_OBJC_LITERAL_CONVERSION = YES;
				CLANG_WARN_OBJC_ROOT_CLASS = YES_ERROR;
				CLANG_WARN_RANGE_LOOP_ANALYSIS = YES;
				CLANG_WARN_STRICT_PROTOTYPES = YES;
				CLANG_WARN_SUSPICIOUS_MOVE = YES;
				CLANG_WARN_UNGUARDED_AVAILABILITY = YES_AGGRESSIVE;
				CLANG_WARN_UNREACHABLE_CODE = YES;
				CLANG_WARN__DUPLICATE_METHOD_MATCH = YES;
				CODE_SIGN_IDENTITY = "iPhone Developer";
				COPY_PHASE_STRIP = NO;
				DEBUG_INFORMATION_FORMAT = dwarf;
				ENABLE_STRICT_OBJC_MSGSEND = YES;
				ENABLE_TESTABILITY = YES;
				GCC_C_LANGUAGE_STANDARD = gnu11;
				GCC_DYNAMIC_NO_PIC = NO;
				GCC_NO_COMMON_BLOCKS = YES;
				GCC_OPTIMIZATION_LEVEL = 0;
				GCC_PREPROCESSOR_DEFINITIONS = (
					"DEBUG=1",
					"$(inherited)",
				);
				GCC_WARN_64_TO_32_BIT_CONVERSION = YES;
				GCC_WARN_ABOUT_RETURN_TYPE = YES_ERROR;
				GCC_WARN_UNDECLARED_SELECTOR = YES;
				GCC_WARN_UNINITIALIZED_AUTOS = YES_AGGRESSIVE;
				GCC_WARN_UNUSED_FUNCTION = YES;
				GCC_WARN_UNUSED_VARIABLE = YES;
				IPHONEOS_DEPLOYMENT_TARGET = 12.0;
				MTL_ENABLE_DEBUG_INFO = INCLUDE_SOURCE;
				MTL_FAST_MATH = YES;
				ONLY_ACTIVE_ARCH = YES;
				SDKROOT = iphoneos;
				SWIFT_ACTIVE_COMPILATION_CONDITIONS = DEBUG;
				SWIFT_OPTIMIZATION_LEVEL = "-Onone";
			};
			name = Debug;
		};
		35815A3C23C8A31200E4EFBF /* Release */ = {
			isa = XCBuildConfiguration;
			buildSettings = {
				ALWAYS_SEARCH_USER_PATHS = NO;
				CLANG_ANALYZER_NONNULL = YES;
				CLANG_ANALYZER_NUMBER_OBJECT_CONVERSION = YES_AGGRESSIVE;
				CLANG_CXX_LANGUAGE_STANDARD = "gnu++14";
				CLANG_CXX_LIBRARY = "libc++";
				CLANG_ENABLE_MODULES = YES;
				CLANG_ENABLE_OBJC_ARC = YES;
				CLANG_ENABLE_OBJC_WEAK = YES;
				CLANG_WARN_BLOCK_CAPTURE_AUTORELEASING = YES;
				CLANG_WARN_BOOL_CONVERSION = YES;
				CLANG_WARN_COMMA = YES;
				CLANG_WARN_CONSTANT_CONVERSION = YES;
				CLANG_WARN_DEPRECATED_OBJC_IMPLEMENTATIONS = YES;
				CLANG_WARN_DIRECT_OBJC_ISA_USAGE = YES_ERROR;
				CLANG_WARN_DOCUMENTATION_COMMENTS = YES;
				CLANG_WARN_EMPTY_BODY = YES;
				CLANG_WARN_ENUM_CONVERSION = YES;
				CLANG_WARN_INFINITE_RECURSION = YES;
				CLANG_WARN_INT_CONVERSION = YES;
				CLANG_WARN_NON_LITERAL_NULL_CONVERSION = YES;
				CLANG_WARN_OBJC_IMPLICIT_RETAIN_SELF = YES;
				CLANG_WARN_OBJC_LITERAL_CONVERSION = YES;
				CLANG_WARN_OBJC_ROOT_CLASS = YES_ERROR;
				CLANG_WARN_RANGE_LOOP_ANALYSIS = YES;
				CLANG_WARN_STRICT_PROTOTYPES = YES;
				CLANG_WARN_SUSPICIOUS_MOVE = YES;
				CLANG_WARN_UNGUARDED_AVAILABILITY = YES_AGGRESSIVE;
				CLANG_WARN_UNREACHABLE_CODE = YES;
				CLANG_WARN__DUPLICATE_METHOD_MATCH = YES;
				CODE_SIGN_IDENTITY = "iPhone Developer";
				COPY_PHASE_STRIP = NO;
				DEBUG_INFORMATION_FORMAT = "dwarf-with-dsym";
				ENABLE_NS_ASSERTIONS = NO;
				ENABLE_STRICT_OBJC_MSGSEND = YES;
				GCC_C_LANGUAGE_STANDARD = gnu11;
				GCC_NO_COMMON_BLOCKS = YES;
				GCC_WARN_64_TO_32_BIT_CONVERSION = YES;
				GCC_WARN_ABOUT_RETURN_TYPE = YES_ERROR;
				GCC_WARN_UNDECLARED_SELECTOR = YES;
				GCC_WARN_UNINITIALIZED_AUTOS = YES_AGGRESSIVE;
				GCC_WARN_UNUSED_FUNCTION = YES;
				GCC_WARN_UNUSED_VARIABLE = YES;
				IPHONEOS_DEPLOYMENT_TARGET = 12.0;
				MTL_ENABLE_DEBUG_INFO = NO;
				MTL_FAST_MATH = YES;
				SDKROOT = iphoneos;
				SWIFT_COMPILATION_MODE = wholemodule;
				SWIFT_OPTIMIZATION_LEVEL = "-O";
				VALIDATE_PRODUCT = YES;
			};
			name = Release;
		};
		35815A3E23C8A31200E4EFBF /* Debug */ = {
			isa = XCBuildConfiguration;
			buildSettings = {
				ASSETCATALOG_COMPILER_APPICON_NAME = AppIcon;
				CODE_SIGN_STYLE = Automatic;
				INFOPLIST_FILE = CollectionView/Info.plist;
				LD_RUNPATH_SEARCH_PATHS = (
					"$(inherited)",
					"@executable_path/Frameworks",
				);
				PRODUCT_BUNDLE_IDENTIFIER = test.com.CollectionView;
				PRODUCT_NAME = "$(TARGET_NAME)";
				SWIFT_VERSION = 4.2;
				TARGETED_DEVICE_FAMILY = "1,2";
			};
			name = Debug;
		};
		35815A3F23C8A31200E4EFBF /* Release */ = {
			isa = XCBuildConfiguration;
			buildSettings = {
				ASSETCATALOG_COMPILER_APPICON_NAME = AppIcon;
				CODE_SIGN_STYLE = Automatic;
				INFOPLIST_FILE = CollectionView/Info.plist;
				LD_RUNPATH_SEARCH_PATHS = (
					"$(inherited)",
					"@executable_path/Frameworks",
				);
				PRODUCT_BUNDLE_IDENTIFIER = test.com.CollectionView;
				PRODUCT_NAME = "$(TARGET_NAME)";
				SWIFT_VERSION = 4.2;
				TARGETED_DEVICE_FAMILY = "1,2";
			};
			name = Release;
		};
		35815A4123C8A31200E4EFBF /* Debug */ = {
			isa = XCBuildConfiguration;
			buildSettings = {
				ALWAYS_EMBED_SWIFT_STANDARD_LIBRARIES = YES;
				BUNDLE_LOADER = "$(TEST_HOST)";
				CODE_SIGN_STYLE = Automatic;
				INFOPLIST_FILE = CollectionViewTests/Info.plist;
				LD_RUNPATH_SEARCH_PATHS = (
					"$(inherited)",
					"@executable_path/Frameworks",
					"@loader_path/Frameworks",
				);
				PRODUCT_BUNDLE_IDENTIFIER = test.com.CollectionViewTests;
				PRODUCT_NAME = "$(TARGET_NAME)";
				SWIFT_VERSION = 4.2;
				TARGETED_DEVICE_FAMILY = "1,2";
				TEST_HOST = "$(BUILT_PRODUCTS_DIR)/CollectionView.app/CollectionView";
			};
			name = Debug;
		};
		35815A4223C8A31200E4EFBF /* Release */ = {
			isa = XCBuildConfiguration;
			buildSettings = {
				ALWAYS_EMBED_SWIFT_STANDARD_LIBRARIES = YES;
				BUNDLE_LOADER = "$(TEST_HOST)";
				CODE_SIGN_STYLE = Automatic;
				INFOPLIST_FILE = CollectionViewTests/Info.plist;
				LD_RUNPATH_SEARCH_PATHS = (
					"$(inherited)",
					"@executable_path/Frameworks",
					"@loader_path/Frameworks",
				);
				PRODUCT_BUNDLE_IDENTIFIER = test.com.CollectionViewTests;
				PRODUCT_NAME = "$(TARGET_NAME)";
				SWIFT_VERSION = 4.2;
				TARGETED_DEVICE_FAMILY = "1,2";
				TEST_HOST = "$(BUILT_PRODUCTS_DIR)/CollectionView.app/CollectionView";
			};
			name = Release;
		};
/* End XCBuildConfiguration section */

/* Begin XCConfigurationList section */
		35815A1823C8A30D00E4EFBF /* Build configuration list for PBXProject "CollectionView" */ = {
			isa = XCConfigurationList;
			buildConfigurations = (
				35815A3B23C8A31200E4EFBF /* Debug */,
				35815A3C23C8A31200E4EFBF /* Release */,
			);
			defaultConfigurationIsVisible = 0;
			defaultConfigurationName = Release;
		};
		35815A3D23C8A31200E4EFBF /* Build configuration list for PBXNativeTarget "CollectionView" */ = {
			isa = XCConfigurationList;
			buildConfigurations = (
				35815A3E23C8A31200E4EFBF /* Debug */,
				35815A3F23C8A31200E4EFBF /* Release */,
			);
			defaultConfigurationIsVisible = 0;
			defaultConfigurationName = Release;
		};
		35815A4023C8A31200E4EFBF /* Build configuration list for PBXNativeTarget "CollectionViewTests" */ = {
			isa = XCConfigurationList;
			buildConfigurations = (
				35815A4123C8A31200E4EFBF /* Debug */,
				35815A4223C8A31200E4EFBF /* Release */,
			);
			defaultConfigurationIsVisible = 0;
			defaultConfigurationName = Release;
		};
/* End XCConfigurationList section */

/* Begin XCVersionGroup section */
		35815A2723C8A30E00E4EFBF /* CollectionView.xcdatamodeld */ = {
			isa = XCVersionGroup;
			children = (
				35815A2823C8A30E00E4EFBF /* CollectionView.xcdatamodel */,
			);
			currentVersion = 35815A2823C8A30E00E4EFBF /* CollectionView.xcdatamodel */;
			path = CollectionView.xcdatamodeld;
			sourceTree = "<group>";
			versionGroupType = wrapper.xcdatamodel;
		};
/* End XCVersionGroup section */
	};
	rootObject = 35815A1523C8A30D00E4EFBF /* Project object */;
}
